version = 1
requires-python = ">=3.8"

[[package]]
name = "click"
version = "8.1.7"
source = { registry = "https://pypi.org/simple" }
dependencies = [
    { name = "colorama", marker = "platform_system == 'Windows'" },
]
sdist = { url = "https://files.pythonhosted.org/packages/96/d3/f04c7bfcf5c1862a2a5b845c6b2b360488cf47af55dfa79c98f6a6bf98b5/click-8.1.7.tar.gz", hash = "sha256:ca9853ad459e787e2192211578cc907e7594e294c7ccc834310722b41b9ca6de", size = 336121 }
wheels = [
    { url = "https://files.pythonhosted.org/packages/00/2e/d53fa4befbf2cfa713304affc7ca780ce4fc1fd8710527771b58311a3229/click-8.1.7-py3-none-any.whl", hash = "sha256:ae74fb96c20a0277a1d615f1e4d73c8414f5a98db8b799a7931d1582f3390c28", size = 97941 },
]

[[package]]
name = "colorama"
version = "0.4.6"
source = { registry = "https://pypi.org/simple" }
sdist = { url = "https://files.pythonhosted.org/packages/d8/53/6f443c9a4a8358a93a6792e2acffb9d9d5cb0a5cfd8802644b7b1c9a02e4/colorama-0.4.6.tar.gz", hash = "sha256:08695f5cb7ed6e0531a20572697297273c47b8cae5a63ffc6d6ed5c201be6e44", size = 27697 }
wheels = [
    { url = "https://files.pythonhosted.org/packages/d1/d6/3965ed04c63042e047cb6a3e6ed1a63a35087b6a609aa3a15ed8ac56c221/colorama-0.4.6-py2.py3-none-any.whl", hash = "sha256:4f1d9991f5acc0ca119f9d443620b77f9d6b33703e51011c16baf57afb285fc6", size = 25335 },
]

[[package]]
name = "effectual"
version = "0.3.2"
source = { editable = "." }
dependencies = [
    { name = "click" },
    { name = "python-minifier" },
    { name = "rtoml" },
    { name = "ruff" },
    { name = "termcolor" },
]

[package.metadata]
requires-dist = [
    { name = "click", specifier = ">=8.1.7" },
    { name = "python-minifier", specifier = ">=2.11.3" },
    { name = "rtoml", specifier = ">=0.11.0" },
    { name = "ruff", specifier = ">=0.8.0" },
    { name = "termcolor", specifier = ">=2.4.0" },
]

[[package]]
name = "python-minifier"
version = "2.11.3"
source = { registry = "https://pypi.org/simple" }
sdist = { url = "https://files.pythonhosted.org/packages/39/63/403fb2d6394b3e455e046d91f64b96072803aaf119027a26e716ed94d63c/python_minifier-2.11.3.tar.gz", hash = "sha256:489133b91212ec9658a7b64d243eb9eb67d7e53faf2ac5166a33301c61b3dcab", size = 64438 }
wheels = [
    { url = "https://files.pythonhosted.org/packages/53/32/61d20860d18afb81cb7258bb02d4eaf4b09170383c2374514f6aef384fa9/python_minifier-2.11.3-py3-none-any.whl", hash = "sha256:37e10e9e318be701eecb48764942426be73ae9f562d75bea4e29c5f66945ce97", size = 56172 },
]

[[package]]
name = "rtoml"
version = "0.11.0"
source = { registry = "https://pypi.org/simple" }
sdist = { url = "https://files.pythonhosted.org/packages/c8/67/ca8b92b2b8aa231d427999609dd289e6bc8511b4a6871e2b533871c9b3e3/rtoml-0.11.0.tar.gz", hash = "sha256:a1d1ec36261c47169934a6c0f713a6cdf917604b3f72a72a809c3a68384255d4", size = 23759 }
wheels = [
    { url = "https://files.pythonhosted.org/packages/8b/ad/f47140cdfb692a674bf267e91d526085a23c4f0043b21909d122f6af7121/rtoml-0.11.0-cp310-cp310-macosx_10_12_x86_64.whl", hash = "sha256:bbea5538d8e7a495878717743225bf261b097b42b17558d7f6876ec8ff700649", size = 315206 },
    { url = "https://files.pythonhosted.org/packages/8d/02/a46f9431d6e6a06efece1a6e7f036dea1959562ecf4b9c1df5037d07b415/rtoml-0.11.0-cp310-cp310-macosx_11_0_arm64.whl", hash = "sha256:ec72c71ce1eec6a9a75a59c914644a92afed55625f88086418c8f610646f6c31", size = 307677 },
    { url = "https://files.pythonhosted.org/packages/0f/9e/a1286bc6a359ff896d7dc5730e72b5ed37d61e4474cc663774df3a9fffbf/rtoml-0.11.0-cp310-cp310-manylinux_2_17_aarch64.manylinux2014_aarch64.whl", hash = "sha256:4161c01ee5cbf173382d4a55b26fc0d4a00ce68b9252c51cf6ee1a7b15d7922b", size = 348860 },
    { url = "https://files.pythonhosted.org/packages/0f/8d/72953f989951334b951e0acc74a013838d949a539c16e9aa10ac0c72ea0a/rtoml-0.11.0-cp310-cp310-manylinux_2_17_armv7l.manylinux2014_armv7l.whl", hash = "sha256:ca19e750d2becefe482bd4ddcc3395816a0d1e69fbc562a18a0fe2f4b688ec70", size = 355892 },
    { url = "https://files.pythonhosted.org/packages/3a/f9/0b94a42233c57c3d437dbe4462ba9f19b4b12e6e4b80d4ef87c404577c7a/rtoml-0.11.0-cp310-cp310-manylinux_2_17_ppc64le.manylinux2014_ppc64le.whl", hash = "sha256:398a17548248d06844e125fd748f5fd507819652866e833db4114bd32fda30f6", size = 373214 },
    { url = "https://files.pythonhosted.org/packages/18/f8/e4dc9e80af3776fd1bfdddb5f0b54d896f981c801081e24ebf6e1e061716/rtoml-0.11.0-cp310-cp310-manylinux_2_17_s390x.manylinux2014_s390x.whl", hash = "sha256:cb4c11a82a5ae89a4f5793dceed93e186032f1588e8f7ab3ebc48b8b54665a92", size = 498743 },
    { url = "https://files.pythonhosted.org/packages/fa/c5/4404b50bc0a94ce6520ce8977cccd19dce1b3c9609ed645ebc081f97b75d/rtoml-0.11.0-cp310-cp310-manylinux_2_17_x86_64.manylinux2014_x86_64.whl", hash = "sha256:384a580433edf011d8cdc683996866d0809721b7b9ab055c279a4bd51b5c7300", size = 341398 },
    { url = "https://files.pythonhosted.org/packages/63/a1/1b7ba3aeccf1de3f393b89c5a9cd1abc96b6ba369a08b3fffe0c8f9964ef/rtoml-0.11.0-cp310-cp310-manylinux_2_5_i686.manylinux1_i686.whl", hash = "sha256:c55295fac0e18af5a7b91dc8a308dd50fe0dbf26e439a86ff674290823ed010d", size = 352279 },
    { url = "https://files.pythonhosted.org/packages/38/83/eb46482e771e6c6ef8a2d5ed062b8ee25ea015282bae274aa2e99d917766/rtoml-0.11.0-cp310-cp310-musllinux_1_1_aarch64.whl", hash = "sha256:b00ea0a3f14af57f1bdbb89b71f59c912d4682f9aa6a1a3a6729d210a599c64f", size = 527357 },
    { url = "https://files.pythonhosted.org/packages/e9/f5/6117f44ab8c904491c6723e3e0add16c900eb738dc423af084ba96bf9646/rtoml-0.11.0-cp310-cp310-musllinux_1_1_x86_64.whl", hash = "sha256:2bde7832c792a95d3c2f1a55833d5f5ae745c701ff0c09ad3e935146670403ed", size = 512288 },
    { url = "https://files.pythonhosted.org/packages/8e/2b/b6d4b26440130822bdc4291ae2969175083d74d8938a1ab2d40c39d7f3a9/rtoml-0.11.0-cp310-none-win32.whl", hash = "sha256:dc350452dcdd69b5c247d6a6951f4253a5bec93b9da621da96ced4e1edc1d42d", size = 221269 },
    { url = "https://files.pythonhosted.org/packages/aa/a4/52028ce697a8b12fcaaed06fc8c3bd93bf8025c797720a21f4f3f9ca3d81/rtoml-0.11.0-cp310-none-win_amd64.whl", hash = "sha256:1836518858936ab435fff23805120760b759c7fa441d7150cdc6744d8d28e0ad", size = 230663 },
    { url = "https://files.pythonhosted.org/packages/53/bd/f42f86a1c0ec136a521ef59c790f08c3ed49bb794c5c97ff5bd212ef6740/rtoml-0.11.0-cp311-cp311-macosx_10_12_x86_64.whl", hash = "sha256:abf9a0f729040f99c7b1734c433919b19314843d0f1d597f2d82e448e210c60f", size = 315120 },
    { url = "https://files.pythonhosted.org/packages/f7/44/bbf2ac61444fa4986bb45e46a84b6ea41723234ee2c370b93cafde3015e0/rtoml-0.11.0-cp311-cp311-macosx_11_0_arm64.whl", hash = "sha256:48a3504d58d9a0178947cf988841f2a771b63bb90155ad20ba4da93318ca2195", size = 307563 },
    { url = "https://files.pythonhosted.org/packages/7a/4c/4c063610404bb8200af18255e86174f0736cff0cc5bdae53cbbd1aafa830/rtoml-0.11.0-cp311-cp311-manylinux_2_17_aarch64.manylinux2014_aarch64.whl", hash = "sha256:56421e722d61ff09df0ae1d447ed1f8f109877281a091da1062165093bfe6291", size = 348665 },
    { url = "https://files.pythonhosted.org/packages/0f/b4/46badd4b99f1f1c7714cf7004112bccac32811540b18a5ccbc80f3066aec/rtoml-0.11.0-cp311-cp311-manylinux_2_17_armv7l.manylinux2014_armv7l.whl", hash = "sha256:a1be1b24c51a0a79beaf13e69603a556a165f27c92c93d284408e44686f82fbc", size = 355889 },
    { url = "https://files.pythonhosted.org/packages/f5/1a/0bfc06fbccc899110a8b07063d5c1659f288a993f5a98215927faf2ed9cd/rtoml-0.11.0-cp311-cp311-manylinux_2_17_ppc64le.manylinux2014_ppc64le.whl", hash = "sha256:ec5837a2e0e0e3084d243914c11aff602f6840e5c07a7b2e1ca0c89464ed7079", size = 373119 },
    { url = "https://files.pythonhosted.org/packages/04/4a/95a9e9380cab681e004be5eb1f001d2990e541f6813b5064ba9186c40fda/rtoml-0.11.0-cp311-cp311-manylinux_2_17_s390x.manylinux2014_s390x.whl", hash = "sha256:765bb5f226f7694d66af39f23d79b65f6b30744ee1c1396acff303b772f4ba1d", size = 498623 },
    { url = "https://files.pythonhosted.org/packages/be/69/a53e893a19b497ab96af1a2d7aa871c148a738beb885f2d9f5de2a02d6a5/rtoml-0.11.0-cp311-cp311-manylinux_2_17_x86_64.manylinux2014_x86_64.whl", hash = "sha256:dd6dfbc1830055290e8ee9f7ffb7465106536f54c1465e08c980c38147e3bcf4", size = 341272 },
    { url = "https://files.pythonhosted.org/packages/0f/06/010f5b6f4fccc75fd18578382245d81afcab44580b04b601e3ed121e6aac/rtoml-0.11.0-cp311-cp311-manylinux_2_5_i686.manylinux1_i686.whl", hash = "sha256:068131643b18ee839f1d5798ef5b347d04e101b8b9398b774fc839e6231c63c7", size = 352252 },
    { url = "https://files.pythonhosted.org/packages/a2/77/fc9c77b513da7148bb74336bde4c55fa47388840199d385984e7d08d74e8/rtoml-0.11.0-cp311-cp311-musllinux_1_1_aarch64.whl", hash = "sha256:042fc83c225b1075b6e717d156c4c7ecdab255127f875f6188fb062d72e59c5f", size = 527041 },
    { url = "https://files.pythonhosted.org/packages/3c/61/d37e521ad5caf015fa00dbe0011d31e2d128f5d75b1f7abf5144f86d34a7/rtoml-0.11.0-cp311-cp311-musllinux_1_1_x86_64.whl", hash = "sha256:bcab62bbf210434dcab736c658911d0182afe33b3920b051978c04ca442504a9", size = 512088 },
    { url = "https://files.pythonhosted.org/packages/6a/fc/61ddc4c5ffbc10ac57c5f5b1ee038c34a2919e00a5fbc6d7a492cf96eb10/rtoml-0.11.0-cp311-none-win32.whl", hash = "sha256:8edbf3f0498287557a0a170c9a9331dfb69058729968578c37aad19977ba5722", size = 221161 },
    { url = "https://files.pythonhosted.org/packages/4c/6d/48ce15a3919a5c07a19ae3c80b9fadbe1e13a5e475198143965d3de6e60b/rtoml-0.11.0-cp311-none-win_amd64.whl", hash = "sha256:d5e3d8d73a220d06bf2359b13572bdbd198e66f45aeac1e84058e448dc34f85e", size = 230578 },
    { url = "https://files.pythonhosted.org/packages/f6/be/323bb12dc30abb5451bb20f4f2b55bef4dffc7f78fafbd51fd8f904e123e/rtoml-0.11.0-cp311-none-win_arm64.whl", hash = "sha256:806e3893555657012fe89774e62999e8cac50df53a7bd27f7c838f606397c3f7", size = 222165 },
    { url = "https://files.pythonhosted.org/packages/d1/36/69c9c078d8821b0801e14898b2fc92da53185db2f683dd0faf78c66fad7e/rtoml-0.11.0-cp312-cp312-macosx_10_12_x86_64.whl", hash = "sha256:34c4fd6e6465e6de84ac499e19ae3e4b0d4cd3f9763d1a72a75bd2ef4d0e466a", size = 315058 },
    { url = "https://files.pythonhosted.org/packages/5a/ac/25f7b10168fa7ed25a3b28450c66a8be7e37c019721bc5f228237474c6a0/rtoml-0.11.0-cp312-cp312-macosx_11_0_arm64.whl", hash = "sha256:0095bc482788d39c6c3e2f9f3a6f7a8149ee1cefe624129e2afc90512d8f16b7", size = 307112 },
    { url = "https://files.pythonhosted.org/packages/26/43/f1cac9c12a752e3a83f66317f7947f37f1ec5828848cbbb99e37d84a7915/rtoml-0.11.0-cp312-cp312-manylinux_2_17_aarch64.manylinux2014_aarch64.whl", hash = "sha256:d90b06a36325c9ae6e273669d811aa0e6b8ae41fa9ffe3949f02ef1870dc0ad5", size = 348241 },
    { url = "https://files.pythonhosted.org/packages/39/ea/b6ef0c18b635c6332929ac2198186afeae36d9d33a8d68513af7cd1a0ccb/rtoml-0.11.0-cp312-cp312-manylinux_2_17_armv7l.manylinux2014_armv7l.whl", hash = "sha256:902148f2bd13b4c64d2c5ed576910c5a0a2c86dc052f4e31ca1855131ee157c8", size = 355577 },
    { url = "https://files.pythonhosted.org/packages/00/d3/ac534011c12df090d44cce2cbaf023de90c0eba0dc83e74e375989c8cb2c/rtoml-0.11.0-cp312-cp312-manylinux_2_17_ppc64le.manylinux2014_ppc64le.whl", hash = "sha256:d84bbdad28e24f66b8ad632fb7cbec64b921fdff48bf57f4f7179648726f7e54", size = 372476 },
    { url = "https://files.pythonhosted.org/packages/25/c9/db4cebaed3789c8d4333d362ed327dd1ba791f4004d6e440470d3239899e/rtoml-0.11.0-cp312-cp312-manylinux_2_17_s390x.manylinux2014_s390x.whl", hash = "sha256:4b1d4d4b8d765cf5228e5def9c39837d5b70c6e51422e05b975898c8a765fd1e", size = 497329 },
    { url = "https://files.pythonhosted.org/packages/8b/7e/28f5e4fa9a3aee864b34d774cf4130c84f5c3f075b56ce6116bb2ed3df29/rtoml-0.11.0-cp312-cp312-manylinux_2_17_x86_64.manylinux2014_x86_64.whl", hash = "sha256:8b900dcdf2068105b81b1ded3342dad952e3ea7d4a949473a690c686116a1730", size = 341121 },
    { url = "https://files.pythonhosted.org/packages/84/10/05b794e781c05b5bce4837e4f9a99cbc69f9f1da3b13cf36db37b26d5108/rtoml-0.11.0-cp312-cp312-manylinux_2_5_i686.manylinux1_i686.whl", hash = "sha256:4a491ad282b918292812518a61f432d6becf1b4a965d9c6595b7f00b1b722e61", size = 351976 },
    { url = "https://files.pythonhosted.org/packages/94/e0/67e8dabd5253ae8364150e475c60e09caddbb31e3f43a51e3dbf3982ff37/rtoml-0.11.0-cp312-cp312-musllinux_1_1_aarch64.whl", hash = "sha256:d5ccbe43af82f17efed273b517e29febbd8225dab9a314f5728465b61a34781a", size = 526442 },
    { url = "https://files.pythonhosted.org/packages/e9/89/de40a48005025c20b392b5fba5d88427b92ebcbc09892ec37cc51daa8d14/rtoml-0.11.0-cp312-cp312-musllinux_1_1_x86_64.whl", hash = "sha256:4125260584290461825abac23dafb34048dcbedaf9fafea913b5f0b1691c1ad0", size = 512134 },
    { url = "https://files.pythonhosted.org/packages/27/d3/20e26214e4736c10653477b1bd616c5f2a79571495c28dec725bbbae7cfb/rtoml-0.11.0-cp312-none-win32.whl", hash = "sha256:6e42385f510458f68587051a533cd0161653e1f2b381400a4873eab6f706940b", size = 217810 },
    { url = "https://files.pythonhosted.org/packages/df/7b/8d908a634ba31c27f8fe38a030e9406064960e1b87053bd45da683166044/rtoml-0.11.0-cp312-none-win_amd64.whl", hash = "sha256:fdce3405e50ba73a45acdf36a793e3563da04fc913c53d54852c5d6cf1eb6d25", size = 226747 },
    { url = "https://files.pythonhosted.org/packages/87/53/01fcd15027bee67947d1965bf610f7f68b9c037ffb833eaf91ec16a394fb/rtoml-0.11.0-cp312-none-win_arm64.whl", hash = "sha256:affc854919b46555f37d1408cb67f06f7453744bf1c5c1c53b69ed8b5227a28d", size = 218370 },
    { url = "https://files.pythonhosted.org/packages/00/42/41c60c848438cd10633db8608b8643fb4d0e480862c8671a6e03375e61b2/rtoml-0.11.0-cp38-cp38-macosx_10_12_x86_64.whl", hash = "sha256:377d24e0c9aac0aa92ff7f4f48d90298c005e4b01a97b532d4a9cc18c180a29c", size = 316114 },
    { url = "https://files.pythonhosted.org/packages/d7/51/f740393b63ec5a53bdbca865d0b6aaf78d8222b32238e01f8c3ce1b3697e/rtoml-0.11.0-cp38-cp38-macosx_11_0_arm64.whl", hash = "sha256:a557bd7c40afbdad121f952dd4b87a432c8fc50fea795b44889b84d5f8adea7e", size = 308489 },
    { url = "https://files.pythonhosted.org/packages/c8/78/dea6bf1b9eb4643352264bf9255be4c764c895caa200f2c7e868112780f7/rtoml-0.11.0-cp38-cp38-manylinux_2_17_aarch64.manylinux2014_aarch64.whl", hash = "sha256:91c9d5b3a8f7efcee02cd250cedebe0b02ca65abd7dfc20b5f69a16b68808d53", size = 350193 },
    { url = "https://files.pythonhosted.org/packages/00/c4/c9ee2db9f17efccf19127d3b8da0c7f4955524310cc4110f87d6e1671d03/rtoml-0.11.0-cp38-cp38-manylinux_2_17_armv7l.manylinux2014_armv7l.whl", hash = "sha256:eb53b953925ea0f59d1892307503ceb21b66724b7929186d9dc7a53599075b51", size = 356947 },
    { url = "https://files.pythonhosted.org/packages/bc/c0/17cf32ae304a2fca29fd5ecaba5b477219c3b56e5b957c51fa3e4a316a55/rtoml-0.11.0-cp38-cp38-manylinux_2_17_ppc64le.manylinux2014_ppc64le.whl", hash = "sha256:4aab5871b86e557087d2042136cde2528ad5d2fd34e4261b43a4e66dcaaacd1d", size = 374261 },
    { url = "https://files.pythonhosted.org/packages/91/c5/6f8d1536965db981584d381aad19bdd9513d894924d819777bff808be40b/rtoml-0.11.0-cp38-cp38-manylinux_2_17_s390x.manylinux2014_s390x.whl", hash = "sha256:992646793a06fc6925171301440f56d7c44cd8302a0f1f573935e92e30f50a8e", size = 499588 },
    { url = "https://files.pythonhosted.org/packages/59/52/5a2c140056f5e426cfb1c692d1859ce408c5291ebbb528127469b0d43fd6/rtoml-0.11.0-cp38-cp38-manylinux_2_17_x86_64.manylinux2014_x86_64.whl", hash = "sha256:c8dd9e35799ad86aba60a742c73bfe036210f2d504ab40e623d8360e43cc34f4", size = 342779 },
    { url = "https://files.pythonhosted.org/packages/db/7a/0fbaf9b5402e5f15cd6324ea5a79ade27d142863c898e5a1cd5da5868131/rtoml-0.11.0-cp38-cp38-manylinux_2_5_i686.manylinux1_i686.whl", hash = "sha256:0658ed9376fddb96803e2d042d1b86056f9e8a81e31ee24cca638553ed3aee25", size = 353221 },
    { url = "https://files.pythonhosted.org/packages/b9/a0/4bba0b00330002b523c5cbaaa26cc5aac014ee50dbdffedecbefdd4a78d8/rtoml-0.11.0-cp38-cp38-musllinux_1_1_aarch64.whl", hash = "sha256:1d15df762e4d513e979158c7dd670bf6df5856b768ac0107bfef0330865229f1", size = 528931 },
    { url = "https://files.pythonhosted.org/packages/fb/30/9b222935a2ba7772ef31ea878a6a6fe7225cb53338f4366042d3686d5af0/rtoml-0.11.0-cp38-cp38-musllinux_1_1_x86_64.whl", hash = "sha256:d931274a54fc770601735f611f03bc44032226b549536a16c2479a455a86e1d2", size = 513194 },
    { url = "https://files.pythonhosted.org/packages/01/dd/4ab002d01f40e476d8cf324462b22edbb48f51e1462f3edbe6c011f5b33a/rtoml-0.11.0-cp38-none-win32.whl", hash = "sha256:e8dfb1460d3fc0501720dbee32acf1100d8ca4d02fbf634e956587f8d969632f", size = 221951 },
    { url = "https://files.pythonhosted.org/packages/2a/fd/ee4ce1646d2b7c04f6cb8b4a17111cf905b13a789d6aee8dd9cce5009745/rtoml-0.11.0-cp38-none-win_amd64.whl", hash = "sha256:38f805d8030b276b3ba19561cde1ac0c74b680b550e284a9e85f4d026be7d9ca", size = 231753 },
    { url = "https://files.pythonhosted.org/packages/73/8e/112a6d9d66192990e06168a577df41d155a2e1e1e341538e1b94324f872f/rtoml-0.11.0-cp39-cp39-macosx_10_12_x86_64.whl", hash = "sha256:15511219ff53406b42da8fb14ecf1ab580ff1bdbdb5d76405df3d97c155fb997", size = 316075 },
    { url = "https://files.pythonhosted.org/packages/40/bb/f62d369d0ac86a39feb924554c9a0a99bdfdc58198787f7599f55d74e958/rtoml-0.11.0-cp39-cp39-macosx_11_0_arm64.whl", hash = "sha256:faeb038772540ad3344fd73329eae3a9e84614c6b25c848dad3258647b3f4abf", size = 308430 },
    { url = "https://files.pythonhosted.org/packages/bc/8b/52f8d5b4729ee232e4facf80e9a1ab3ef9786a98047e66ee494f057ce7e6/rtoml-0.11.0-cp39-cp39-manylinux_2_17_aarch64.manylinux2014_aarch64.whl", hash = "sha256:52b410561af66ca5689a5c21b6bd31036d5839bb97b06cec71ac1147109f8fb6", size = 350144 },
    { url = "https://files.pythonhosted.org/packages/08/51/db29334d058c44e307ee5e301992017fd7720b3778672b0e0383c00c43fa/rtoml-0.11.0-cp39-cp39-manylinux_2_17_armv7l.manylinux2014_armv7l.whl", hash = "sha256:fe9938d4793b873e53bb6fc12e4a5b88820b8596a3eaabee67cc3563f080eb85", size = 356778 },
    { url = "https://files.pythonhosted.org/packages/82/fd/51fdeb9c8848f902b18094f5573ed20c05c2757d2a54c386d589f36f2f63/rtoml-0.11.0-cp39-cp39-manylinux_2_17_ppc64le.manylinux2014_ppc64le.whl", hash = "sha256:5178ebb7442d9e24448e76d4d32f07aa75acbd765563a2accf50cfb262163b18", size = 373985 },
    { url = "https://files.pythonhosted.org/packages/97/21/6ad2a95c1dd0531965db7eca091b68fc95a76321c2782d5ab20e5473b949/rtoml-0.11.0-cp39-cp39-manylinux_2_17_s390x.manylinux2014_s390x.whl", hash = "sha256:1d0e6f5c936a5d5e2c26d2443a8c861448885cc099f351982c3f7f3a0d1ce114", size = 499569 },
    { url = "https://files.pythonhosted.org/packages/16/64/c739f603413f5511d8319d65422f763636c31b6c6a785b046e1ad9fa1cb8/rtoml-0.11.0-cp39-cp39-manylinux_2_17_x86_64.manylinux2014_x86_64.whl", hash = "sha256:b750450e1ac63eb43dfbba3612dbb1830b6d90cc22c6ea78d7f2322ec698727d", size = 342467 },
    { url = "https://files.pythonhosted.org/packages/4e/ac/b668798f0bd498537afc76707ea1abe93938f54ac04aad1cacb1228b1d64/rtoml-0.11.0-cp39-cp39-manylinux_2_5_i686.manylinux1_i686.whl", hash = "sha256:3d41b865acf22bd547e771dfac3394e7dbf14586f236f20b70d3058a89352027", size = 353165 },
    { url = "https://files.pythonhosted.org/packages/b7/f6/9c1beb1a13cf036648fe82c3182c47b2fd3245276c7eb02a9758e0c4cfa3/rtoml-0.11.0-cp39-cp39-musllinux_1_1_aarch64.whl", hash = "sha256:8362905a25f3f3b0a6ca015877811d1bd4131ac3dd16f8acd4229e3f40ebd2e5", size = 528707 },
    { url = "https://files.pythonhosted.org/packages/b8/a5/135c2d6a9494d77c0dda752f909187ea00a7573f22912c99190b738f736c/rtoml-0.11.0-cp39-cp39-musllinux_1_1_x86_64.whl", hash = "sha256:e42a8536bce3ce91ee8ea867caf5bbc1caedbf477820b14498e85e6d539592aa", size = 513012 },
    { url = "https://files.pythonhosted.org/packages/2e/b3/a796ffb86dc6c8cd6644cee9ade77660db862d26a6cdeb890bea2e0ee80f/rtoml-0.11.0-cp39-none-win32.whl", hash = "sha256:84b83f2c57a8c4f65c0a6f0c3dbbe1ecb9082757b1fde02b2eb4781040483725", size = 221907 },
    { url = "https://files.pythonhosted.org/packages/01/a0/e66cbe4197dbe142e0fecc4ae620b9bc17cf4fcd01544f84782daff29b91/rtoml-0.11.0-cp39-none-win_amd64.whl", hash = "sha256:fe6594d1a2f1948abf74ecfa24425b4ed7817b93c3daeb1ec779b5fbf935f388", size = 231461 },
]

[[package]]
name = "ruff"
version = "0.8.1"
source = { registry = "https://pypi.org/simple" }
sdist = { url = "https://files.pythonhosted.org/packages/95/d0/8ff5b189d125f4260f2255d143bf2fa413b69c2610c405ace7a0a8ec81ec/ruff-0.8.1.tar.gz", hash = "sha256:3583db9a6450364ed5ca3f3b4225958b24f78178908d5c4bc0f46251ccca898f", size = 3313222 }
wheels = [
    { url = "https://files.pythonhosted.org/packages/a2/d6/1a6314e568db88acdbb5121ed53e2c52cebf3720d3437a76f82f923bf171/ruff-0.8.1-py3-none-linux_armv6l.whl", hash = "sha256:fae0805bd514066f20309f6742f6ee7904a773eb9e6c17c45d6b1600ca65c9b5", size = 10532605 },
    { url = "https://files.pythonhosted.org/packages/89/a8/a957a8812e31facffb6a26a30be0b5b4af000a6e30c7d43a22a5232a3398/ruff-0.8.1-py3-none-macosx_10_12_x86_64.whl", hash = "sha256:b8a4f7385c2285c30f34b200ca5511fcc865f17578383db154e098150ce0a087", size = 10278243 },
    { url = "https://files.pythonhosted.org/packages/a8/23/9db40fa19c453fabf94f7a35c61c58f20e8200b4734a20839515a19da790/ruff-0.8.1-py3-none-macosx_11_0_arm64.whl", hash = "sha256:cd054486da0c53e41e0086e1730eb77d1f698154f910e0cd9e0d64274979a209", size = 9917739 },
    { url = "https://files.pythonhosted.org/packages/e2/a0/6ee2d949835d5701d832fc5acd05c0bfdad5e89cfdd074a171411f5ccad5/ruff-0.8.1-py3-none-manylinux_2_17_aarch64.manylinux2014_aarch64.whl", hash = "sha256:2029b8c22da147c50ae577e621a5bfbc5d1fed75d86af53643d7a7aee1d23871", size = 10779153 },
    { url = "https://files.pythonhosted.org/packages/7a/25/9c11dca9404ef1eb24833f780146236131a3c7941de394bc356912ef1041/ruff-0.8.1-py3-none-manylinux_2_17_armv7l.manylinux2014_armv7l.whl", hash = "sha256:2666520828dee7dfc7e47ee4ea0d928f40de72056d929a7c5292d95071d881d1", size = 10304387 },
    { url = "https://files.pythonhosted.org/packages/c8/b9/84c323780db1b06feae603a707d82dbbd85955c8c917738571c65d7d5aff/ruff-0.8.1-py3-none-manylinux_2_17_i686.manylinux2014_i686.whl", hash = "sha256:333c57013ef8c97a53892aa56042831c372e0bb1785ab7026187b7abd0135ad5", size = 11360351 },
    { url = "https://files.pythonhosted.org/packages/6b/e1/9d4bbb2ace7aad14ded20e4674a48cda5b902aed7a1b14e6b028067060c4/ruff-0.8.1-py3-none-manylinux_2_17_ppc64.manylinux2014_ppc64.whl", hash = "sha256:288326162804f34088ac007139488dcb43de590a5ccfec3166396530b58fb89d", size = 12022879 },
    { url = "https://files.pythonhosted.org/packages/75/28/752ff6120c0e7f9981bc4bc275d540c7f36db1379ba9db9142f69c88db21/ruff-0.8.1-py3-none-manylinux_2_17_ppc64le.manylinux2014_ppc64le.whl", hash = "sha256:b12c39b9448632284561cbf4191aa1b005882acbc81900ffa9f9f471c8ff7e26", size = 11610354 },
    { url = "https://files.pythonhosted.org/packages/ba/8c/967b61c2cc8ebd1df877607fbe462bc1e1220b4a30ae3352648aec8c24bd/ruff-0.8.1-py3-none-manylinux_2_17_s390x.manylinux2014_s390x.whl", hash = "sha256:364e6674450cbac8e998f7b30639040c99d81dfb5bbc6dfad69bc7a8f916b3d1", size = 12813976 },
    { url = "https://files.pythonhosted.org/packages/7f/29/e059f945d6bd2d90213387b8c360187f2fefc989ddcee6bbf3c241329b92/ruff-0.8.1-py3-none-manylinux_2_17_x86_64.manylinux2014_x86_64.whl", hash = "sha256:b22346f845fec132aa39cd29acb94451d030c10874408dbf776af3aaeb53284c", size = 11154564 },
    { url = "https://files.pythonhosted.org/packages/55/47/cbd05e5a62f3fb4c072bc65c1e8fd709924cad1c7ec60a1000d1e4ee8307/ruff-0.8.1-py3-none-musllinux_1_2_aarch64.whl", hash = "sha256:b2f2f7a7e7648a2bfe6ead4e0a16745db956da0e3a231ad443d2a66a105c04fa", size = 10760604 },
    { url = "https://files.pythonhosted.org/packages/bb/ee/4c3981c47147c72647a198a94202633130cfda0fc95cd863a553b6f65c6a/ruff-0.8.1-py3-none-musllinux_1_2_armv7l.whl", hash = "sha256:adf314fc458374c25c5c4a4a9270c3e8a6a807b1bec018cfa2813d6546215540", size = 10391071 },
    { url = "https://files.pythonhosted.org/packages/6b/e6/083eb61300214590b188616a8ac6ae1ef5730a0974240fb4bec9c17de78b/ruff-0.8.1-py3-none-musllinux_1_2_i686.whl", hash = "sha256:a885d68342a231b5ba4d30b8c6e1b1ee3a65cf37e3d29b3c74069cdf1ee1e3c9", size = 10896657 },
    { url = "https://files.pythonhosted.org/packages/77/bd/aacdb8285d10f1b943dbeb818968efca35459afc29f66ae3bd4596fbf954/ruff-0.8.1-py3-none-musllinux_1_2_x86_64.whl", hash = "sha256:d2c16e3508c8cc73e96aa5127d0df8913d2290098f776416a4b157657bee44c5", size = 11228362 },
    { url = "https://files.pythonhosted.org/packages/39/72/fcb7ad41947f38b4eaa702aca0a361af0e9c2bf671d7fd964480670c297e/ruff-0.8.1-py3-none-win32.whl", hash = "sha256:93335cd7c0eaedb44882d75a7acb7df4b77cd7cd0d2255c93b28791716e81790", size = 8803476 },
    { url = "https://files.pythonhosted.org/packages/e4/ea/cae9aeb0f4822c44651c8407baacdb2e5b4dcd7b31a84e1c5df33aa2cc20/ruff-0.8.1-py3-none-win_amd64.whl", hash = "sha256:2954cdbe8dfd8ab359d4a30cd971b589d335a44d444b6ca2cb3d1da21b75e4b6", size = 9614463 },
    { url = "https://files.pythonhosted.org/packages/eb/76/fbb4bd23dfb48fa7758d35b744413b650a9fd2ddd93bca77e30376864414/ruff-0.8.1-py3-none-win_arm64.whl", hash = "sha256:55873cc1a473e5ac129d15eccb3c008c096b94809d693fc7053f588b67822737", size = 8959621 },
]

[[package]]
name = "termcolor"
version = "2.4.0"
source = { registry = "https://pypi.org/simple" }
sdist = { url = "https://files.pythonhosted.org/packages/10/56/d7d66a84f96d804155f6ff2873d065368b25a07222a6fd51c4f24ef6d764/termcolor-2.4.0.tar.gz", hash = "sha256:aab9e56047c8ac41ed798fa36d892a37aca6b3e9159f3e0c24bc64a9b3ac7b7a", size = 12664 }
wheels = [
    { url = "https://files.pythonhosted.org/packages/d9/5f/8c716e47b3a50cbd7c146f45881e11d9414def768b7cd9c5e6650ec2a80a/termcolor-2.4.0-py3-none-any.whl", hash = "sha256:9297c0df9c99445c2412e832e882a7884038a25617c60cea2ad69488d4040d63", size = 7719 },
]
