version = 1
requires-python = ">=3.11"

[[package]]
name = "gemmoai"
version = "0.1.1"
source = { editable = "." }
dependencies = [
    { name = "pymupdf" },
]

[package.metadata]
requires-dist = [{ name = "pymupdf", specifier = ">=1.24.14" }]

[[package]]
name = "pymupdf"
version = "1.24.14"
source = { registry = "https://pypi.org/simple" }
sdist = { url = "https://files.pythonhosted.org/packages/e0/6b/6bd735144a190d26dcc23f98b4aae0e09b259cc4c87bba266a39b7b91f56/PyMuPDF-1.24.14.tar.gz", hash = "sha256:0eed9f998525eaf39706dbf2d0cf3162150f0f526e4a36b1748ffa50bde581ae", size = 56242747 }
wheels = [
    { url = "https://files.pythonhosted.org/packages/62/ce/972b080c526af80577ffaa49676c05361ba152de94de3af339a2f3ac07c2/PyMuPDF-1.24.14-cp39-abi3-macosx_10_9_x86_64.whl", hash = "sha256:b3ad7a4f4b607ff97f2e1b8111823dd3797dbb381ec851c3ae4695fea6f68478", size = 19167365 },
    { url = "https://files.pythonhosted.org/packages/2c/11/8d6f4c8fca86b93759e430c4b0b7b66f8067d58893d6fe0a193420d14453/PyMuPDF-1.24.14-cp39-abi3-macosx_11_0_arm64.whl", hash = "sha256:755906af4b4d693552ae5469ba682075853f4dc8a70639affd1bd6c049c5d900", size = 18417324 },
    { url = "https://files.pythonhosted.org/packages/51/69/518e6c088e20a5ded1fc658d4aec1e54c0f98f2d62d91362bd4231df9ecf/PyMuPDF-1.24.14-cp39-abi3-manylinux2014_aarch64.manylinux_2_17_aarch64.whl", hash = "sha256:37f24108e2e18150fb8d512dcccdfa1e3d9b9dd203ffaa7ffb959bb20aea40b4", size = 19303826 },
    { url = "https://files.pythonhosted.org/packages/27/bf/203d06c68660d5535db65b6c54cacd35b950945c11c1c4546d674f270892/PyMuPDF-1.24.14-cp39-abi3-manylinux2014_x86_64.manylinux_2_17_x86_64.whl", hash = "sha256:0de4f5ed903c2be6d0abcccdc796368939b51ce03916eb53292916e3b6ea65d6", size = 19833056 },
    { url = "https://files.pythonhosted.org/packages/77/ed/40eb23cf5e91de0510dfedb7d9feedeab5ce9691544ad09599e124a0a333/PyMuPDF-1.24.14-cp39-abi3-musllinux_1_2_x86_64.whl", hash = "sha256:2d1b5c47df2f8055de5dedfbd3189c742188261a8c257f406378382adac94cff", size = 20963535 },
    { url = "https://files.pythonhosted.org/packages/87/2b/46af7461bd299c3f52bc5455332cc82608cea1667cd692652505fdf9308e/PyMuPDF-1.24.14-cp39-abi3-win32.whl", hash = "sha256:60a7ee7db3e0d3a4dcbe6df2781ba4487acb7e515c64ea9c857504f44effcb25", size = 14965671 },
    { url = "https://files.pythonhosted.org/packages/25/b2/82d70d9f5aea5a33e770f37e6db43ed08b5dc71b3526c5d7051689d1031e/PyMuPDF-1.24.14-cp39-abi3-win_amd64.whl", hash = "sha256:3d1f1ec2fe0249484afde7a0fc02589f19aaeb47c42939d23ae1d012aa1bc59b", size = 16257645 },
]
