# generated by rye
# use `rye lock` or `rye sync` to update this lockfile
#
# last locked with the following flags:
#   pre: false
#   features: []
#   all-features: false
#   with-sources: false
#   generate-hashes: false
#   universal: false

-e file:.
annotated-types==0.6.0
    # via pydantic
boto3==1.35.71
    # via deltalake-tools
botocore==1.35.71
    # via boto3
    # via s3transfer
click==8.1.7
    # via deltalake-tools
deltalake==0.21.0
    # via deltalake-tools
jmespath==1.0.1
    # via boto3
    # via botocore
numpy==2.0.0
    # via pyarrow
pyarrow==17.0.0
    # via deltalake
pydantic==2.9.2
    # via deltalake-tools
pydantic-core==2.23.4
    # via pydantic
python-dateutil==2.9.0.post0
    # via botocore
s3transfer==0.10.4
    # via boto3
six==1.16.0
    # via python-dateutil
typing-extensions==4.12.2
    # via pydantic
    # via pydantic-core
urllib3==2.2.3
    # via botocore
